
Microsoft Visual Studio Solution File, Format Version 12.00
# Visual Studio Version 17
VisualStudioVersion = 17.5.33627.172
MinimumVisualStudioVersion = 10.0.40219.1
Project("{FAE04EC0-301F-11D3-BF4B-00C04F79EFBC}") = "FoodShoppingCartUI", "FoodShoppingCartUI\FoodShoppingCartUI.csproj", "{F091E764-CF9A-4987-8037-DFB1C05C275A}"
EndProject
Global
	GlobalSection(SolutionConfigurationPlatforms) = preSolution
		Debug|Any CPU = Debug|Any CPU
		Release|Any CPU = Release|Any CPU
	EndGlobalSection
	GlobalSection(ProjectConfigurationPlatforms) = postSolution
		{F091E764-CF9A-4987-8037-DFB1C05C275A}.Debug|Any CPU.ActiveCfg = Debug|Any CPU
		{F091E764-CF9A-4987-8037-DFB1C05C275A}.Debug|Any CPU.Build.0 = Debug|Any CPU
		{F091E764-CF9A-4987-8037-DFB1C05C275A}.Release|Any CPU.ActiveCfg = Release|Any CPU
		{F091E764-CF9A-4987-8037-DFB1C05C275A}.Release|Any CPU.Build.0 = Release|Any CPU
	EndGlobalSection
	GlobalSection(SolutionProperties) = preSolution
		HideSolutionNode = FALSE
	EndGlobalSection
	GlobalSection(ExtensibilityGlobals) = postSolution
		SolutionGuid = {6554BD6F-D078-4BA5-ACA4-DDE099738D7F}
	EndGlobalSection
EndGlobal
